
Microsoft Visual Studio Solution File, Format Version 12.00
# Visual Studio Version 22
VisualStudioVersion = 22.0
MinimumVisualStudioVersion = 17.0
Project("{FAE04EC0-301F-11D3-BF4B-00C04F79EFBC}") = "KlikSpotter", "KlikSpotter.csproj", "{6B186CC4-9F27-42EE-B598-A4FA67A428E8}"
EndProject
Global
	GlobalSection(SolutionConfigurationPlatforms) = preSolution
		Debug|Any CPU = Debug|Any CPU
		Release|Any CPU = Release|Any CPU
	EndGlobalSection
	GlobalSection(ProjectConfigurationPlatforms) = postSolution
		{6B186CC4-9F27-42EE-B598-A4FA67A428E8}.Debug|Any CPU.ActiveCfg = Debug|Any CPU
		{6B186CC4-9F27-42EE-B598-A4FA67A428E8}.Debug|Any CPU.Build.0 = Debug|Any CPU
		{6B186CC4-9F27-42EE-B598-A4FA67A428E8}.Release|Any CPU.ActiveCfg = Release|Any CPU
		{6B186CC4-9F27-42EE-B598-A4FA67A428E8}.Release|Any CPU.Build.0 = Release|Any CPU
	EndGlobalSection
	GlobalSection(ExtensibilityGlobals) = postSolution
		SolutionGuid = {AAA28C50-AF0D-4881-B9DC-EF78D901D461}
	EndGlobalSection
EndGlobal
